{
  "lockfile-version": 1,
  "manifest": {
    "version": 1,
    "install": {
      "cargo": {
        "pkg-path": "cargo",
        "pkg-group": "rust-toolchain"
      },
      "cargo-nextest": {
        "pkg-path": "cargo-nextest"
      },
      "clang": {
        "pkg-path": "clang",
        "systems": [
          "aarch64-darwin"
        ]
      },
      "clippy": {
        "pkg-path": "clippy",
        "pkg-group": "rust-toolchain"
      },
      "gcc": {
        "pkg-path": "gcc",
        "systems": [
          "aarch64-linux",
          "x86_64-linux"
        ]
      },
      "libiconv": {
        "pkg-path": "libiconv",
        "systems": [
          "aarch64-darwin",
          "x86_64-darwin"
        ]
      },
      "rust-analyzer": {
        "pkg-path": "rust-analyzer",
        "pkg-group": "rust-analyzer"
      },
      "rust-lib-src": {
        "pkg-path": "rustPlatform.rustLibSrc",
        "pkg-group": "rust-toolchain"
      },
      "rustc": {
        "pkg-path": "rustc",
        "pkg-group": "rust-toolchain"
      },
      "rustfmt": {
        "pkg-path": "rustfmt",
        "pkg-group": "rust-toolchain"
      }
    },
    "hook": {
      "on-activate": "  export PATH=\"$PWD/target/debug:$PATH\"\n"
    },
    "profile": {},
    "options": {
      "systems": [
        "aarch64-darwin",
        "x86_64-darwin",
        "aarch64-linux",
        "x86_64-linux"
      ],
      "allow": {
        "licenses": []
      },
      "semver": {}
    }
  },
  "packages": [
    {
      "attr_path": "rust-analyzer",
      "broken": false,
      "derivation": "/nix/store/cc3995pwpz795zkhp7mzg3nmi58f4nbp-rust-analyzer-2025-01-20.drv",
      "description": "Modular compiler frontend for the Rust language",
      "install_id": "rust-analyzer",
      "license": "[ MIT, Apache-2.0 ]",
      "locked_url": "https://github.com/flox/nixpkgs?rev=2ff53fe64443980e139eaa286017f53f88336dd0",
      "name": "rust-analyzer-2025-01-20",
      "pname": "rust-analyzer",
      "rev": "2ff53fe64443980e139eaa286017f53f88336dd0",
      "rev_count": 752742,
      "rev_date": "2025-02-13T11:42:38Z",
      "scrape_date": "2025-02-15T05:15:55Z",
      "stabilities": [
        "unstable"
      ],
      "unfree": false,
      "version": "2025-01-20",
      "outputs_to_install": [
        "out"
      ],
      "outputs": {
        "out": "/nix/store/2dy2gxp5y44mqx50dljfwjnawi2aabbp-rust-analyzer-2025-01-20"
      },
      "system": "aarch64-darwin",
      "group": "rust-analyzer",
      "priority": 5
    },
    {
      "attr_path": "rust-analyzer",
      "broken": false,
      "derivation": "/nix/store/y41cynmnnm18fcwzd7v2jpgjin55wg9z-rust-analyzer-2025-01-20.drv",
      "description": "Modular compiler frontend for the Rust language",
      "install_id": "rust-analyzer",
      "license": "[ MIT, Apache-2.0 ]",
      "locked_url": "https://github.com/flox/nixpkgs?rev=2ff53fe64443980e139eaa286017f53f88336dd0",
      "name": "rust-analyzer-2025-01-20",
      "pname": "rust-analyzer",
      "rev": "2ff53fe64443980e139eaa286017f53f88336dd0",
      "rev_count": 752742,
      "rev_date": "2025-02-13T11:42:38Z",
      "scrape_date": "2025-02-15T05:15:55Z",
      "stabilities": [
        "unstable"
      ],
      "unfree": false,
      "version": "2025-01-20",
      "outputs_to_install": [
        "out"
      ],
      "outputs": {
        "out": "/nix/store/h9kvr65dg1rhcna7s57g7p9wvl50b6l3-rust-analyzer-2025-01-20"
      },
      "system": "x86_64-darwin",
      "group": "rust-analyzer",
      "priority": 5
    },
    {
      "attr_path": "rust-analyzer",
      "broken": false,
      "derivation": "/nix/store/yh1xk6vmr9wrn70fin6pnlj9w7plf6hk-rust-analyzer-2025-01-20.drv",
      "description": "Modular compiler frontend for the Rust language",
      "install_id": "rust-analyzer",
      "license": "[ MIT, Apache-2.0 ]",
      "locked_url": "https://github.com/flox/nixpkgs?rev=2ff53fe64443980e139eaa286017f53f88336dd0",
      "name": "rust-analyzer-2025-01-20",
      "pname": "rust-analyzer",
      "rev": "2ff53fe64443980e139eaa286017f53f88336dd0",
      "rev_count": 752742,
      "rev_date": "2025-02-13T11:42:38Z",
      "scrape_date": "2025-02-15T05:15:55Z",
      "stabilities": [
        "unstable"
      ],
      "unfree": false,
      "version": "2025-01-20",
      "outputs_to_install": [
        "out"
      ],
      "outputs": {
        "out": "/nix/store/mj09hpz6j5qgqdypm8fx2r6rp87rlasy-rust-analyzer-2025-01-20"
      },
      "system": "aarch64-linux",
      "group": "rust-analyzer",
      "priority": 5
    },
    {
      "attr_path": "rust-analyzer",
      "broken": false,
      "derivation": "/nix/store/av4hkx2r3rpncsjclj18vw2civ7fg1pb-rust-analyzer-2025-01-20.drv",
      "description": "Modular compiler frontend for the Rust language",
      "install_id": "rust-analyzer",
      "license": "[ MIT, Apache-2.0 ]",
      "locked_url": "https://github.com/flox/nixpkgs?rev=2ff53fe64443980e139eaa286017f53f88336dd0",
      "name": "rust-analyzer-2025-01-20",
      "pname": "rust-analyzer",
      "rev": "2ff53fe64443980e139eaa286017f53f88336dd0",
      "rev_count": 752742,
      "rev_date": "2025-02-13T11:42:38Z",
      "scrape_date": "2025-02-15T05:15:55Z",
      "stabilities": [
        "unstable"
      ],
      "unfree": false,
      "version": "2025-01-20",
      "outputs_to_install": [
        "out"
      ],
      "outputs": {
        "out": "/nix/store/qi1xsdr3vd5p3ygja77ln1c2f6ks46zi-rust-analyzer-2025-01-20"
      },
      "system": "x86_64-linux",
      "group": "rust-analyzer",
      "priority": 5
    },
    {
      "attr_path": "cargo",
      "broken": false,
      "derivation": "/nix/store/d2n886pvrn8albdzrwrxj67wili257jw-cargo-1.84.0.drv",
      "description": "Downloads your Rust project's dependencies and builds your project",
      "install_id": "cargo",
      "license": "[ MIT, Apache-2.0 ]",
      "locked_url": "https://github.com/flox/nixpkgs?rev=2ff53fe64443980e139eaa286017f53f88336dd0",
      "name": "cargo-1.84.0",
      "pname": "cargo",
      "rev": "2ff53fe64443980e139eaa286017f53f88336dd0",
      "rev_count": 752742,
      "rev_date": "2025-02-13T11:42:38Z",
      "scrape_date": "2025-02-15T05:15:55Z",
      "stabilities": [
        "unstable"
      ],
      "unfree": false,
      "version": "1.84.0",
      "outputs_to_install": [
        "out"
      ],
      "outputs": {
        "out": "/nix/store/f6ffl4j307l0yvk7mywbsf59gmrkn7pc-cargo-1.84.0"
      },
      "system": "aarch64-darwin",
      "group": "rust-toolchain",
      "priority": 5
    },
    {
      "attr_path": "cargo",
      "broken": false,
      "derivation": "/nix/store/nnfyywxzbwk0dgi8rh5sip3q9m7hjk22-cargo-1.84.0.drv",
      "description": "Downloads your Rust project's dependencies and builds your project",
      "install_id": "cargo",
      "license": "[ MIT, Apache-2.0 ]",
      "locked_url": "https://github.com/flox/nixpkgs?rev=2ff53fe64443980e139eaa286017f53f88336dd0",
      "name": "cargo-1.84.0",
      "pname": "cargo",
      "rev": "2ff53fe64443980e139eaa286017f53f88336dd0",
      "rev_count": 752742,
      "rev_date": "2025-02-13T11:42:38Z",
      "scrape_date": "2025-02-15T05:15:55Z",
      "stabilities": [
        "unstable"
      ],
      "unfree": false,
      "version": "1.84.0",
      "outputs_to_install": [
        "out"
      ],
      "outputs": {
        "out": "/nix/store/7nbcrxfxcpsapbbjh9gkapaz5n7llwcx-cargo-1.84.0"
      },
      "system": "x86_64-darwin",
      "group": "rust-toolchain",
      "priority": 5
    },
    {
      "attr_path": "cargo",
      "broken": false,
      "derivation": "/nix/store/kzdpalz7ianbdzjrakq989fzcyk8yfz3-cargo-1.84.0.drv",
      "description": "Downloads your Rust project's dependencies and builds your project",
      "install_id": "cargo",
      "license": "[ MIT, Apache-2.0 ]",
      "locked_url": "https://github.com/flox/nixpkgs?rev=2ff53fe64443980e139eaa286017f53f88336dd0",
      "name": "cargo-1.84.0",
      "pname": "cargo",
      "rev": "2ff53fe64443980e139eaa286017f53f88336dd0",
      "rev_count": 752742,
      "rev_date": "2025-02-13T11:42:38Z",
      "scrape_date": "2025-02-15T05:15:55Z",
      "stabilities": [
        "unstable"
      ],
      "unfree": false,
      "version": "1.84.0",
      "outputs_to_install": [
        "out"
      ],
      "outputs": {
        "out": "/nix/store/svw4q7s6sn5iisvc3r14i6hkx819ypg2-cargo-1.84.0"
      },
      "system": "aarch64-linux",
      "group": "rust-toolchain",
      "priority": 5
    },
    {
      "attr_path": "cargo",
      "broken": false,
      "derivation": "/nix/store/bmzfl1s62zszyqlvcydy7p53qbhrp1bv-cargo-1.84.0.drv",
      "description": "Downloads your Rust project's dependencies and builds your project",
      "install_id": "cargo",
      "license": "[ MIT, Apache-2.0 ]",
      "locked_url": "https://github.com/flox/nixpkgs?rev=2ff53fe64443980e139eaa286017f53f88336dd0",
      "name": "cargo-1.84.0",
      "pname": "cargo",
      "rev": "2ff53fe64443980e139eaa286017f53f88336dd0",
      "rev_count": 752742,
      "rev_date": "2025-02-13T11:42:38Z",
      "scrape_date": "2025-02-15T05:15:55Z",
      "stabilities": [
        "unstable"
      ],
      "unfree": false,
      "version": "1.84.0",
      "outputs_to_install": [
        "out"
      ],
      "outputs": {
        "out": "/nix/store/q01clim33r4zdcmmdymmzz6icalpx00s-cargo-1.84.0"
      },
      "system": "x86_64-linux",
      "group": "rust-toolchain",
      "priority": 5
    },
    {
      "attr_path": "clippy",
      "broken": false,
      "derivation": "/nix/store/9ifjv1lig2abd5c5b0s8m05aksrl781i-clippy-1.84.0.drv",
      "description": "Bunch of lints to catch common mistakes and improve your Rust code",
      "install_id": "clippy",
      "license": "[ MIT, Apache-2.0 ]",
      "locked_url": "https://github.com/flox/nixpkgs?rev=2ff53fe64443980e139eaa286017f53f88336dd0",
      "name": "clippy-1.84.0",
      "pname": "clippy",
      "rev": "2ff53fe64443980e139eaa286017f53f88336dd0",
      "rev_count": 752742,
      "rev_date": "2025-02-13T11:42:38Z",
      "scrape_date": "2025-02-15T05:15:55Z",
      "stabilities": [
        "unstable"
      ],
      "unfree": false,
      "version": "1.84.0",
      "outputs_to_install": [
        "out"
      ],
      "outputs": {
        "out": "/nix/store/mxdn748ydshynadlr36qx00yvzvqqfy2-clippy-1.84.0"
      },
      "system": "aarch64-darwin",
      "group": "rust-toolchain",
      "priority": 5
    },
    {
      "attr_path": "clippy",
      "broken": false,
      "derivation": "/nix/store/0gqsp7jgx0m8jjq4yg4jq1jwlhmdrd7j-clippy-1.84.0.drv",
      "description": "Bunch of lints to catch common mistakes and improve your Rust code",
      "install_id": "clippy",
      "license": "[ MIT, Apache-2.0 ]",
      "locked_url": "https://github.com/flox/nixpkgs?rev=2ff53fe64443980e139eaa286017f53f88336dd0",
      "name": "clippy-1.84.0",
      "pname": "clippy",
      "rev": "2ff53fe64443980e139eaa286017f53f88336dd0",
      "rev_count": 752742,
      "rev_date": "2025-02-13T11:42:38Z",
      "scrape_date": "2025-02-15T05:15:55Z",
      "stabilities": [
        "unstable"
      ],
      "unfree": false,
      "version": "1.84.0",
      "outputs_to_install": [
        "out"
      ],
      "outputs": {
        "out": "/nix/store/q09jwcm816hhd9jqf64knvakzzvmqq33-clippy-1.84.0"
      },
      "system": "x86_64-darwin",
      "group": "rust-toolchain",
      "priority": 5
    },
    {
      "attr_path": "clippy",
      "broken": false,
      "derivation": "/nix/store/3xzdn8jgsmhkmwxnhx2d21203ddlnw0q-clippy-1.84.0.drv",
      "description": "Bunch of lints to catch common mistakes and improve your Rust code",
      "install_id": "clippy",
      "license": "[ MIT, Apache-2.0 ]",
      "locked_url": "https://github.com/flox/nixpkgs?rev=2ff53fe64443980e139eaa286017f53f88336dd0",
      "name": "clippy-1.84.0",
      "pname": "clippy",
      "rev": "2ff53fe64443980e139eaa286017f53f88336dd0",
      "rev_count": 752742,
      "rev_date": "2025-02-13T11:42:38Z",
      "scrape_date": "2025-02-15T05:15:55Z",
      "stabilities": [
        "unstable"
      ],
      "unfree": false,
      "version": "1.84.0",
      "outputs_to_install": [
        "out"
      ],
      "outputs": {
        "debug": "/nix/store/1h4kn2hdxrwvih5djl6dva93ybjsnaaw-clippy-1.84.0-debug",
        "out": "/nix/store/zl9knbmmbzscihsjxn8nvi22bcn62k7r-clippy-1.84.0"
      },
      "system": "aarch64-linux",
      "group": "rust-toolchain",
      "priority": 5
    },
    {
      "attr_path": "clippy",
      "broken": false,
      "derivation": "/nix/store/rniaa08bdabazqzbkv11vfksxpqv1q2g-clippy-1.84.0.drv",
      "description": "Bunch of lints to catch common mistakes and improve your Rust code",
      "install_id": "clippy",
      "license": "[ MIT, Apache-2.0 ]",
      "locked_url": "https://github.com/flox/nixpkgs?rev=2ff53fe64443980e139eaa286017f53f88336dd0",
      "name": "clippy-1.84.0",
      "pname": "clippy",
      "rev": "2ff53fe64443980e139eaa286017f53f88336dd0",
      "rev_count": 752742,
      "rev_date": "2025-02-13T11:42:38Z",
      "scrape_date": "2025-02-15T05:15:55Z",
      "stabilities": [
        "unstable"
      ],
      "unfree": false,
      "version": "1.84.0",
      "outputs_to_install": [
        "out"
      ],
      "outputs": {
        "debug": "/nix/store/h2r2xlkz3sv6zxigd4mn39k5h6rgfgyx-clippy-1.84.0-debug",
        "out": "/nix/store/wr5b4dg5s9r9dk2sdfy30hdvwdcgd1wc-clippy-1.84.0"
      },
      "system": "x86_64-linux",
      "group": "rust-toolchain",
      "priority": 5
    },
    {
      "attr_path": "rustPlatform.rustLibSrc",
      "broken": false,
      "derivation": "/nix/store/4ym5cnd94i2xx60yk79r53c4n5qvakn1-rust-lib-src.drv",
      "install_id": "rust-lib-src",
      "locked_url": "https://github.com/flox/nixpkgs?rev=2ff53fe64443980e139eaa286017f53f88336dd0",
      "name": "rust-lib-src",
      "pname": "rustLibSrc",
      "rev": "2ff53fe64443980e139eaa286017f53f88336dd0",
      "rev_count": 752742,
      "rev_date": "2025-02-13T11:42:38Z",
      "scrape_date": "2025-02-15T05:15:55Z",
      "stabilities": [
        "unstable"
      ],
      "unfree": false,
      "version": "rust-lib-src",
      "outputs_to_install": [
        "out"
      ],
      "outputs": {
        "out": "/nix/store/ddmq91d5mkn5d18gkq2qsncn1rcgg0z7-rust-lib-src"
      },
      "system": "aarch64-darwin",
      "group": "rust-toolchain",
      "priority": 5
    },
    {
      "attr_path": "rustPlatform.rustLibSrc",
      "broken": false,
      "derivation": "/nix/store/adns9yrys3xzi9232by8grqzm9vmcrr0-rust-lib-src.drv",
      "install_id": "rust-lib-src",
      "locked_url": "https://github.com/flox/nixpkgs?rev=2ff53fe64443980e139eaa286017f53f88336dd0",
      "name": "rust-lib-src",
      "pname": "rustLibSrc",
      "rev": "2ff53fe64443980e139eaa286017f53f88336dd0",
      "rev_count": 752742,
      "rev_date": "2025-02-13T11:42:38Z",
      "scrape_date": "2025-02-15T05:15:55Z",
      "stabilities": [
        "unstable"
      ],
      "unfree": false,
      "version": "rust-lib-src",
      "outputs_to_install": [
        "out"
      ],
      "outputs": {
        "out": "/nix/store/pysbqjdrvql3lr5mc4qfjskybnkj29f5-rust-lib-src"
      },
      "system": "x86_64-darwin",
      "group": "rust-toolchain",
      "priority": 5
    },
    {
      "attr_path": "rustPlatform.rustLibSrc",
      "broken": false,
      "derivation": "/nix/store/942c7ivspan61bfmjx00qfsxbckzhj0n-rust-lib-src.drv",
      "install_id": "rust-lib-src",
      "locked_url": "https://github.com/flox/nixpkgs?rev=2ff53fe64443980e139eaa286017f53f88336dd0",
      "name": "rust-lib-src",
      "pname": "rustLibSrc",
      "rev": "2ff53fe64443980e139eaa286017f53f88336dd0",
      "rev_count": 752742,
      "rev_date": "2025-02-13T11:42:38Z",
      "scrape_date": "2025-02-15T05:15:55Z",
      "stabilities": [
        "unstable"
      ],
      "unfree": false,
      "version": "rust-lib-src",
      "outputs_to_install": [
        "out"
      ],
      "outputs": {
        "out": "/nix/store/x98mxar0riw5vz9bk0y58fas6qkknx34-rust-lib-src"
      },
      "system": "aarch64-linux",
      "group": "rust-toolchain",
      "priority": 5
    },
    {
      "attr_path": "rustPlatform.rustLibSrc",
      "broken": false,
      "derivation": "/nix/store/i8773apx734nbryahq371jrf9sd98n6d-rust-lib-src.drv",
      "install_id": "rust-lib-src",
      "locked_url": "https://github.com/flox/nixpkgs?rev=2ff53fe64443980e139eaa286017f53f88336dd0",
      "name": "rust-lib-src",
      "pname": "rustLibSrc",
      "rev": "2ff53fe64443980e139eaa286017f53f88336dd0",
      "rev_count": 752742,
      "rev_date": "2025-02-13T11:42:38Z",
      "scrape_date": "2025-02-15T05:15:55Z",
      "stabilities": [
        "unstable"
      ],
      "unfree": false,
      "version": "rust-lib-src",
      "outputs_to_install": [
        "out"
      ],
      "outputs": {
        "out": "/nix/store/r08c2hz6pgag3mcr3pxgwdfjhw4hjidm-rust-lib-src"
      },
      "system": "x86_64-linux",
      "group": "rust-toolchain",
      "priority": 5
    },
    {
      "attr_path": "rustc",
      "broken": false,
      "derivation": "/nix/store/3734xx6s56mwzbzifldac1lwjb59w4hq-rustc-wrapper-1.84.0.drv",
      "description": "Safe, concurrent, practical language (wrapper script)",
      "install_id": "rustc",
      "license": "[ MIT, Apache-2.0 ]",
      "locked_url": "https://github.com/flox/nixpkgs?rev=2ff53fe64443980e139eaa286017f53f88336dd0",
      "name": "rustc-wrapper-1.84.0",
      "pname": "rustc",
      "rev": "2ff53fe64443980e139eaa286017f53f88336dd0",
      "rev_count": 752742,
      "rev_date": "2025-02-13T11:42:38Z",
      "scrape_date": "2025-02-15T05:15:55Z",
      "stabilities": [
        "unstable"
      ],
      "unfree": false,
      "version": "1.84.0",
      "outputs_to_install": [
        "man",
        "out"
      ],
      "outputs": {
        "doc": "/nix/store/cj92np2ywjgds528lgrqs51ilm6r7mb1-rustc-wrapper-1.84.0-doc",
        "man": "/nix/store/j5v4xlb21lddmh7n0axmqyvgqk35cf80-rustc-wrapper-1.84.0-man",
        "out": "/nix/store/7fzvh652h1j6qd0vamwamrzr8anvss8h-rustc-wrapper-1.84.0"
      },
      "system": "aarch64-darwin",
      "group": "rust-toolchain",
      "priority": 5
    },
    {
      "attr_path": "rustc",
      "broken": false,
      "derivation": "/nix/store/4yzib77q1wyf6k95pbljd2sr8s6qaj38-rustc-wrapper-1.84.0.drv",
      "description": "Safe, concurrent, practical language (wrapper script)",
      "install_id": "rustc",
      "license": "[ MIT, Apache-2.0 ]",
      "locked_url": "https://github.com/flox/nixpkgs?rev=2ff53fe64443980e139eaa286017f53f88336dd0",
      "name": "rustc-wrapper-1.84.0",
      "pname": "rustc",
      "rev": "2ff53fe64443980e139eaa286017f53f88336dd0",
      "rev_count": 752742,
      "rev_date": "2025-02-13T11:42:38Z",
      "scrape_date": "2025-02-15T05:15:55Z",
      "stabilities": [
        "unstable"
      ],
      "unfree": false,
      "version": "1.84.0",
      "outputs_to_install": [
        "man",
        "out"
      ],
      "outputs": {
        "doc": "/nix/store/c5ilcv7rvg502ym7kdm1b9gcwigqd7vw-rustc-wrapper-1.84.0-doc",
        "man": "/nix/store/dkbybicaf20c44p7vmnha1d484pq8sn1-rustc-wrapper-1.84.0-man",
        "out": "/nix/store/2mjqn63g1vb76mf1jv12ssff4c4blvn9-rustc-wrapper-1.84.0"
      },
      "system": "x86_64-darwin",
      "group": "rust-toolchain",
      "priority": 5
    },
    {
      "attr_path": "rustc",
      "broken": false,
      "derivation": "/nix/store/l4w7ys7v00lli9iaywy05ahqzrrmlc2a-rustc-wrapper-1.84.0.drv",
      "description": "Safe, concurrent, practical language (wrapper script)",
      "install_id": "rustc",
      "license": "[ MIT, Apache-2.0 ]",
      "locked_url": "https://github.com/flox/nixpkgs?rev=2ff53fe64443980e139eaa286017f53f88336dd0",
      "name": "rustc-wrapper-1.84.0",
      "pname": "rustc",
      "rev": "2ff53fe64443980e139eaa286017f53f88336dd0",
      "rev_count": 752742,
      "rev_date": "2025-02-13T11:42:38Z",
      "scrape_date": "2025-02-15T05:15:55Z",
      "stabilities": [
        "unstable"
      ],
      "unfree": false,
      "version": "1.84.0",
      "outputs_to_install": [
        "man",
        "out"
      ],
      "outputs": {
        "doc": "/nix/store/ckzg5pn24f6c2pp86d6yvm82c2whm7xg-rustc-wrapper-1.84.0-doc",
        "man": "/nix/store/dx50rvdhl8b4apvisvl9wcnsvcrr61q2-rustc-wrapper-1.84.0-man",
        "out": "/nix/store/0pyaissv4lf3nh1v70kivh3hpy3gxhcy-rustc-wrapper-1.84.0"
      },
      "system": "aarch64-linux",
      "group": "rust-toolchain",
      "priority": 5
    },
    {
      "attr_path": "rustc",
      "broken": false,
      "derivation": "/nix/store/hqr8blwc696b18kga5zpcqjvygczraw6-rustc-wrapper-1.84.0.drv",
      "description": "Safe, concurrent, practical language (wrapper script)",
      "install_id": "rustc",
      "license": "[ MIT, Apache-2.0 ]",
      "locked_url": "https://github.com/flox/nixpkgs?rev=2ff53fe64443980e139eaa286017f53f88336dd0",
      "name": "rustc-wrapper-1.84.0",
      "pname": "rustc",
      "rev": "2ff53fe64443980e139eaa286017f53f88336dd0",
      "rev_count": 752742,
      "rev_date": "2025-02-13T11:42:38Z",
      "scrape_date": "2025-02-15T05:15:55Z",
      "stabilities": [
        "unstable"
      ],
      "unfree": false,
      "version": "1.84.0",
      "outputs_to_install": [
        "man",
        "out"
      ],
      "outputs": {
        "doc": "/nix/store/mm8ad9kzdjixyl4mv4bgv7jlj0b098hv-rustc-wrapper-1.84.0-doc",
        "man": "/nix/store/cif66dwwj6mv4a6dxbinjf5nnz0b69i9-rustc-wrapper-1.84.0-man",
        "out": "/nix/store/fyh0f9vqkdgifgi8n1zw5lm0z4iqlw6w-rustc-wrapper-1.84.0"
      },
      "system": "x86_64-linux",
      "group": "rust-toolchain",
      "priority": 5
    },
    {
      "attr_path": "rustfmt",
      "broken": false,
      "derivation": "/nix/store/wswbq0vx46pihfhhmv9h98gfscvj4dyh-rustfmt-1.84.0.drv",
      "description": "Tool for formatting Rust code according to style guidelines",
      "install_id": "rustfmt",
      "license": "[ MIT, Apache-2.0 ]",
      "locked_url": "https://github.com/flox/nixpkgs?rev=2ff53fe64443980e139eaa286017f53f88336dd0",
      "name": "rustfmt-1.84.0",
      "pname": "rustfmt",
      "rev": "2ff53fe64443980e139eaa286017f53f88336dd0",
      "rev_count": 752742,
      "rev_date": "2025-02-13T11:42:38Z",
      "scrape_date": "2025-02-15T05:15:55Z",
      "stabilities": [
        "unstable"
      ],
      "unfree": false,
      "version": "1.84.0",
      "outputs_to_install": [
        "out"
      ],
      "outputs": {
        "out": "/nix/store/yr5m1fwhr4nhibfyz6nxhxn3llp4k4v1-rustfmt-1.84.0"
      },
      "system": "aarch64-darwin",
      "group": "rust-toolchain",
      "priority": 5
    },
    {
      "attr_path": "rustfmt",
      "broken": false,
      "derivation": "/nix/store/h7wrs292fkji5xs6k8p37sxi2nqcapwz-rustfmt-1.84.0.drv",
      "description": "Tool for formatting Rust code according to style guidelines",
      "install_id": "rustfmt",
      "license": "[ MIT, Apache-2.0 ]",
      "locked_url": "https://github.com/flox/nixpkgs?rev=2ff53fe64443980e139eaa286017f53f88336dd0",
      "name": "rustfmt-1.84.0",
      "pname": "rustfmt",
      "rev": "2ff53fe64443980e139eaa286017f53f88336dd0",
      "rev_count": 752742,
      "rev_date": "2025-02-13T11:42:38Z",
      "scrape_date": "2025-02-15T05:15:55Z",
      "stabilities": [
        "unstable"
      ],
      "unfree": false,
      "version": "1.84.0",
      "outputs_to_install": [
        "out"
      ],
      "outputs": {
        "out": "/nix/store/w1v8hzpw1zlill460h0ab3fywy6ik66z-rustfmt-1.84.0"
      },
      "system": "x86_64-darwin",
      "group": "rust-toolchain",
      "priority": 5
    },
    {
      "attr_path": "rustfmt",
      "broken": false,
      "derivation": "/nix/store/243gj5ddcnnxf0a0i78dfq8xmdxg90k1-rustfmt-1.84.0.drv",
      "description": "Tool for formatting Rust code according to style guidelines",
      "install_id": "rustfmt",
      "license": "[ MIT, Apache-2.0 ]",
      "locked_url": "https://github.com/flox/nixpkgs?rev=2ff53fe64443980e139eaa286017f53f88336dd0",
      "name": "rustfmt-1.84.0",
      "pname": "rustfmt",
      "rev": "2ff53fe64443980e139eaa286017f53f88336dd0",
      "rev_count": 752742,
      "rev_date": "2025-02-13T11:42:38Z",
      "scrape_date": "2025-02-15T05:15:55Z",
      "stabilities": [
        "unstable"
      ],
      "unfree": false,
      "version": "1.84.0",
      "outputs_to_install": [
        "out"
      ],
      "outputs": {
        "out": "/nix/store/2x5zmbvsan3lx8avk47cqhyr5w0di06h-rustfmt-1.84.0"
      },
      "system": "aarch64-linux",
      "group": "rust-toolchain",
      "priority": 5
    },
    {
      "attr_path": "rustfmt",
      "broken": false,
      "derivation": "/nix/store/vk8fm7wbyd4p45adxjxfqym561df75d9-rustfmt-1.84.0.drv",
      "description": "Tool for formatting Rust code according to style guidelines",
      "install_id": "rustfmt",
      "license": "[ MIT, Apache-2.0 ]",
      "locked_url": "https://github.com/flox/nixpkgs?rev=2ff53fe64443980e139eaa286017f53f88336dd0",
      "name": "rustfmt-1.84.0",
      "pname": "rustfmt",
      "rev": "2ff53fe64443980e139eaa286017f53f88336dd0",
      "rev_count": 752742,
      "rev_date": "2025-02-13T11:42:38Z",
      "scrape_date": "2025-02-15T05:15:55Z",
      "stabilities": [
        "unstable"
      ],
      "unfree": false,
      "version": "1.84.0",
      "outputs_to_install": [
        "out"
      ],
      "outputs": {
        "out": "/nix/store/2gg27x8zdhg7cwqqxc3dm3jsq4gb94v4-rustfmt-1.84.0"
      },
      "system": "x86_64-linux",
      "group": "rust-toolchain",
      "priority": 5
    },
    {
      "attr_path": "cargo-nextest",
      "broken": false,
      "derivation": "/nix/store/m69db444nv3lgr34vcmmh2mnb6h21as8-cargo-nextest-0.9.87.drv",
      "description": "Next-generation test runner for Rust projects",
      "install_id": "cargo-nextest",
      "license": "[ MIT, Apache-2.0 ]",
      "locked_url": "https://github.com/flox/nixpkgs?rev=2ff53fe64443980e139eaa286017f53f88336dd0",
      "name": "cargo-nextest-0.9.87",
      "pname": "cargo-nextest",
      "rev": "2ff53fe64443980e139eaa286017f53f88336dd0",
      "rev_count": 752742,
      "rev_date": "2025-02-13T11:42:38Z",
      "scrape_date": "2025-02-15T05:15:55Z",
      "stabilities": [
        "unstable"
      ],
      "unfree": false,
      "version": "0.9.87",
      "outputs_to_install": [
        "out"
      ],
      "outputs": {
        "out": "/nix/store/gzh20maqdrcsc660gchlb81lky566qcc-cargo-nextest-0.9.87"
      },
      "system": "aarch64-darwin",
      "group": "toplevel",
      "priority": 5
    },
    {
      "attr_path": "cargo-nextest",
      "broken": false,
      "derivation": "/nix/store/2jiixdjffn8gc52yzf35r5b8jm4vmkvb-cargo-nextest-0.9.87.drv",
      "description": "Next-generation test runner for Rust projects",
      "install_id": "cargo-nextest",
      "license": "[ MIT, Apache-2.0 ]",
      "locked_url": "https://github.com/flox/nixpkgs?rev=2ff53fe64443980e139eaa286017f53f88336dd0",
      "name": "cargo-nextest-0.9.87",
      "pname": "cargo-nextest",
      "rev": "2ff53fe64443980e139eaa286017f53f88336dd0",
      "rev_count": 752742,
      "rev_date": "2025-02-13T11:42:38Z",
      "scrape_date": "2025-02-15T05:15:55Z",
      "stabilities": [
        "unstable"
      ],
      "unfree": false,
      "version": "0.9.87",
      "outputs_to_install": [
        "out"
      ],
      "outputs": {
        "out": "/nix/store/w6k9bl1kmr7ghssdpcqw1x8dhh7xpfil-cargo-nextest-0.9.87"
      },
      "system": "x86_64-darwin",
      "group": "toplevel",
      "priority": 5
    },
    {
      "attr_path": "cargo-nextest",
      "broken": false,
      "derivation": "/nix/store/kzgfjjwzn10p07d7xbjjx0zy8whxxs9k-cargo-nextest-0.9.87.drv",
      "description": "Next-generation test runner for Rust projects",
      "install_id": "cargo-nextest",
      "license": "[ MIT, Apache-2.0 ]",
      "locked_url": "https://github.com/flox/nixpkgs?rev=2ff53fe64443980e139eaa286017f53f88336dd0",
      "name": "cargo-nextest-0.9.87",
      "pname": "cargo-nextest",
      "rev": "2ff53fe64443980e139eaa286017f53f88336dd0",
      "rev_count": 752742,
      "rev_date": "2025-02-13T11:42:38Z",
      "scrape_date": "2025-02-15T05:15:55Z",
      "stabilities": [
        "unstable"
      ],
      "unfree": false,
      "version": "0.9.87",
      "outputs_to_install": [
        "out"
      ],
      "outputs": {
        "out": "/nix/store/p72l65p6h2qy0ngmzsnqn11a6jpiwsks-cargo-nextest-0.9.87"
      },
      "system": "aarch64-linux",
      "group": "toplevel",
      "priority": 5
    },
    {
      "attr_path": "cargo-nextest",
      "broken": false,
      "derivation": "/nix/store/11x1m6y6hq10mpkhwdndbl6cqmn7bk6z-cargo-nextest-0.9.87.drv",
      "description": "Next-generation test runner for Rust projects",
      "install_id": "cargo-nextest",
      "license": "[ MIT, Apache-2.0 ]",
      "locked_url": "https://github.com/flox/nixpkgs?rev=2ff53fe64443980e139eaa286017f53f88336dd0",
      "name": "cargo-nextest-0.9.87",
      "pname": "cargo-nextest",
      "rev": "2ff53fe64443980e139eaa286017f53f88336dd0",
      "rev_count": 752742,
      "rev_date": "2025-02-13T11:42:38Z",
      "scrape_date": "2025-02-15T05:15:55Z",
      "stabilities": [
        "unstable"
      ],
      "unfree": false,
      "version": "0.9.87",
      "outputs_to_install": [
        "out"
      ],
      "outputs": {
        "out": "/nix/store/m6zcr6s3fhp2wj6p1wb5v2a094v47mw2-cargo-nextest-0.9.87"
      },
      "system": "x86_64-linux",
      "group": "toplevel",
      "priority": 5
    },
    {
      "attr_path": "clang",
      "broken": false,
      "derivation": "/nix/store/d29yfqhqz6j6w46ialxzrx4dl4vgy1ys-clang-wrapper-19.1.7.drv",
      "description": "C language family frontend for LLVM (wrapper script)",
      "install_id": "clang",
      "license": "[ NCSA, Apache-2.0 WITH LLVM-exception ]",
      "locked_url": "https://github.com/flox/nixpkgs?rev=2ff53fe64443980e139eaa286017f53f88336dd0",
      "name": "clang-wrapper-19.1.7",
      "pname": "clang",
      "rev": "2ff53fe64443980e139eaa286017f53f88336dd0",
      "rev_count": 752742,
      "rev_date": "2025-02-13T11:42:38Z",
      "scrape_date": "2025-02-15T05:15:55Z",
      "stabilities": [
        "unstable"
      ],
      "unfree": false,
      "version": "19.1.7",
      "outputs_to_install": [
        "out"
      ],
      "outputs": {
        "out": "/nix/store/d32x2hd64mhi6mrngr3690pf9g5lrqi3-clang-wrapper-19.1.7"
      },
      "system": "aarch64-darwin",
      "group": "toplevel",
      "priority": 5
    },
    {
      "attr_path": "gcc",
      "broken": false,
      "derivation": "/nix/store/g1mh26v62r4ykqaj8j4vzn5qs3smim7s-gcc-wrapper-14-20241116.drv",
      "description": "GNU Compiler Collection, version 14-20241116 (wrapper script)",
      "install_id": "gcc",
      "license": "GPL-3.0-or-later",
      "locked_url": "https://github.com/flox/nixpkgs?rev=2ff53fe64443980e139eaa286017f53f88336dd0",
      "name": "gcc-wrapper-14-20241116",
      "pname": "gcc",
      "rev": "2ff53fe64443980e139eaa286017f53f88336dd0",
      "rev_count": 752742,
      "rev_date": "2025-02-13T11:42:38Z",
      "scrape_date": "2025-02-15T05:15:55Z",
      "stabilities": [
        "unstable"
      ],
      "unfree": false,
      "version": "14-20241116",
      "outputs_to_install": [
        "man",
        "out"
      ],
      "outputs": {
        "info": "/nix/store/yrdz1bra65cc9i2n2ghsz98g4fx2jra3-gcc-wrapper-14-20241116-info",
        "man": "/nix/store/srwbca27wpylwzaqz9ssbhlkx910ryv1-gcc-wrapper-14-20241116-man",
        "out": "/nix/store/pavcqvq7ycdbpal1mfjsscvgngzsg9sp-gcc-wrapper-14-20241116"
      },
      "system": "aarch64-linux",
      "group": "toplevel",
      "priority": 5
    },
    {
      "attr_path": "gcc",
      "broken": false,
      "derivation": "/nix/store/h75kir5g4p598imykf0n2w476dw2c5z8-gcc-wrapper-14-20241116.drv",
      "description": "GNU Compiler Collection, version 14-20241116 (wrapper script)",
      "install_id": "gcc",
      "license": "GPL-3.0-or-later",
      "locked_url": "https://github.com/flox/nixpkgs?rev=2ff53fe64443980e139eaa286017f53f88336dd0",
      "name": "gcc-wrapper-14-20241116",
      "pname": "gcc",
      "rev": "2ff53fe64443980e139eaa286017f53f88336dd0",
      "rev_count": 752742,
      "rev_date": "2025-02-13T11:42:38Z",
      "scrape_date": "2025-02-15T05:15:55Z",
      "stabilities": [
        "unstable"
      ],
      "unfree": false,
      "version": "14-20241116",
      "outputs_to_install": [
        "man",
        "out"
      ],
      "outputs": {
        "info": "/nix/store/m4641rrm7dw80bn23ab0812pm6aj6402-gcc-wrapper-14-20241116-info",
        "man": "/nix/store/vyax7fpbw688qwx32c1i8n1f5jbjkcii-gcc-wrapper-14-20241116-man",
        "out": "/nix/store/4ijy8jbsiqmj37avrk83gn2m903486mr-gcc-wrapper-14-20241116"
      },
      "system": "x86_64-linux",
      "group": "toplevel",
      "priority": 5
    },
    {
      "attr_path": "libiconv",
      "broken": false,
      "derivation": "/nix/store/4wqax8k2r3w0qv0ywagvbk28fp646kix-libiconv-107.drv",
      "description": "Iconv(3) implementation",
      "install_id": "libiconv",
      "license": "[ BSD-2-Clause, BSD-3-Clause, APSL-1.0 ]",
      "locked_url": "https://github.com/flox/nixpkgs?rev=2ff53fe64443980e139eaa286017f53f88336dd0",
      "name": "libiconv-107",
      "pname": "libiconv",
      "rev": "2ff53fe64443980e139eaa286017f53f88336dd0",
      "rev_count": 752742,
      "rev_date": "2025-02-13T11:42:38Z",
      "scrape_date": "2025-02-15T05:15:55Z",
      "stabilities": [
        "unstable"
      ],
      "unfree": false,
      "version": "107",
      "outputs_to_install": [
        "out"
      ],
      "outputs": {
        "dev": "/nix/store/wlcmrpqbnjm9vc9vx3xsc4b5dl18srlm-libiconv-107-dev",
        "out": "/nix/store/msf2qxhv4971d669lmmjfp7kynj34jsy-libiconv-107"
      },
      "system": "aarch64-darwin",
      "group": "toplevel",
      "priority": 5
    },
    {
      "attr_path": "libiconv",
      "broken": false,
      "derivation": "/nix/store/k6z8ainhy0115bslpj4bmgrafdkfmffh-libiconv-107.drv",
      "description": "Iconv(3) implementation",
      "install_id": "libiconv",
      "license": "[ BSD-2-Clause, BSD-3-Clause, APSL-1.0 ]",
      "locked_url": "https://github.com/flox/nixpkgs?rev=2ff53fe64443980e139eaa286017f53f88336dd0",
      "name": "libiconv-107",
      "pname": "libiconv",
      "rev": "2ff53fe64443980e139eaa286017f53f88336dd0",
      "rev_count": 752742,
      "rev_date": "2025-02-13T11:42:38Z",
      "scrape_date": "2025-02-15T05:15:55Z",
      "stabilities": [
        "unstable"
      ],
      "unfree": false,
      "version": "107",
      "outputs_to_install": [
        "out"
      ],
      "outputs": {
        "dev": "/nix/store/6k5jjhihscvn0lxjk801qz9zxdiny01s-libiconv-107-dev",
        "out": "/nix/store/pa19z820jdpaw6622b08s0b7069yw4iq-libiconv-107"
      },
      "system": "x86_64-darwin",
      "group": "toplevel",
      "priority": 5
    }
  ]
}